// !$*UTF8*$!
{
	archiveVersion = 1;
	classes = {
	};
	objectVersion = 50;
	objects = {

/* Begin PBXBuildFile section */
		97BEF72E22CB1AFB00A18C24 /* AppDelegate.swift in Sources */ = {isa = PBXBuildFile; fileRef = 97BEF72D22CB1AFB00A18C24 /* AppDelegate.swift */; };
		97BEF73022CB1AFB00A18C24 /* ViewController.swift in Sources */ = {isa = PBXBuildFile; fileRef = 97BEF72F22CB1AFB00A18C24 /* ViewController.swift */; };
		97BEF73322CB1AFB00A18C24 /* Main.storyboard in Resources */ = {isa = PBXBuildFile; fileRef = 97BEF73122CB1AFB00A18C24 /* Main.storyboard */; };
		97BEF73522CB1AFC00A18C24 /* Assets.xcassets in Resources */ = {isa = PBXBuildFile; fileRef = 97BEF73422CB1AFC00A18C24 /* Assets.xcassets */; };
		97BEF73822CB1AFC00A18C24 /* LaunchScreen.storyboard in Resources */ = {isa = PBXBuildFile; fileRef = 97BEF73622CB1AFC00A18C24 /* LaunchScreen.storyboard */; };
		97BEF74022CB1BCE00A18C24 /* UserModel.swift in Sources */ = {isa = PBXBuildFile; fileRef = 97BEF73F22CB1BCE00A18C24 /* UserModel.swift */; };
		97BEF74222CC182500A18C24 /* DuplicateViewController.swift in Sources */ = {isa = PBXBuildFile; fileRef = 97BEF74122CC182500A18C24 /* DuplicateViewController.swift */; };
/* End PBXBuildFile section */

/* Begin PBXContainerItemProxy section */
		97B0886C2361732A001A2A37 /* PBXContainerItemProxy */ = {
			isa = PBXContainerItemProxy;
			containerPortal = 97B088672361732A001A2A37 /* Hello World.xcodeproj */;
			proxyType = 2;
			remoteGlobalIDString = 97FD894422B9E81D009E7E28;
			remoteInfo = "Hello World";
		};
		97B0886E2361732A001A2A37 /* PBXContainerItemProxy */ = {
			isa = PBXContainerItemProxy;
			containerPortal = 97B088672361732A001A2A37 /* Hello World.xcodeproj */;
			proxyType = 2;
			remoteGlobalIDString = 97FD895822B9E81E009E7E28;
			remoteInfo = "Hello WorldTests";
		};
/* End PBXContainerItemProxy section */

/* Begin PBXFileReference section */
		97B088672361732A001A2A37 /* Hello World.xcodeproj */ = {isa = PBXFileReference; lastKnownFileType = "wrapper.pb-project"; name = "Hello World.xcodeproj"; path = "../Hello World/Hello World.xcodeproj"; sourceTree = "<group>"; };
		97BEF72A22CB1AFB00A18C24 /* Welcome User.app */ = {isa = PBXFileReference; explicitFileType = wrapper.application; includeInIndex = 0; path = "Welcome User.app"; sourceTree = BUILT_PRODUCTS_DIR; };
		97BEF72D22CB1AFB00A18C24 /* AppDelegate.swift */ = {isa = PBXFileReference; lastKnownFileType = sourcecode.swift; path = AppDelegate.swift; sourceTree = "<group>"; };
		97BEF72F22CB1AFB00A18C24 /* ViewController.swift */ = {isa = PBXFileReference; lastKnownFileType = sourcecode.swift; path = ViewController.swift; sourceTree = "<group>"; };
		97BEF73222CB1AFB00A18C24 /* Base */ = {isa = PBXFileReference; lastKnownFileType = file.storyboard; name = Base; path = Base.lproj/Main.storyboard; sourceTree = "<group>"; };
		97BEF73422CB1AFC00A18C24 /* Assets.xcassets */ = {isa = PBXFileReference; lastKnownFileType = folder.assetcatalog; path = Assets.xcassets; sourceTree = "<group>"; };
		97BEF73722CB1AFC00A18C24 /* Base */ = {isa = PBXFileReference; lastKnownFileType = file.storyboard; name = Base; path = Base.lproj/LaunchScreen.storyboard; sourceTree = "<group>"; };
		97BEF73922CB1AFC00A18C24 /* Info.plist */ = {isa = PBXFileReference; lastKnownFileType = text.plist.xml; path = Info.plist; sourceTree = "<group>"; };
		97BEF73F22CB1BCE00A18C24 /* UserModel.swift */ = {isa = PBXFileReference; lastKnownFileType = sourcecode.swift; path = UserModel.swift; sourceTree = "<group>"; };
		97BEF74122CC182500A18C24 /* DuplicateViewController.swift */ = {isa = PBXFileReference; lastKnownFileType = sourcecode.swift; path = DuplicateViewController.swift; sourceTree = "<group>"; };
/* End PBXFileReference section */

/* Begin PBXFrameworksBuildPhase section */
		97BEF72722CB1AFB00A18C24 /* Frameworks */ = {
			isa = PBXFrameworksBuildPhase;
			buildActionMask = 2147483647;
			files = (
			);
			runOnlyForDeploymentPostprocessing = 0;
		};
/* End PBXFrameworksBuildPhase section */

/* Begin PBXGroup section */
		97B088682361732A001A2A37 /* Products */ = {
			isa = PBXGroup;
			children = (
				97B0886D2361732A001A2A37 /* Hello World.app */,
				97B0886F2361732A001A2A37 /* Hello WorldTests.xctest */,
			);
			name = Products;
			sourceTree = "<group>";
		};
		97BEF72122CB1AFB00A18C24 = {
			isa = PBXGroup;
			children = (
				97B088672361732A001A2A37 /* Hello World.xcodeproj */,
				97BEF72C22CB1AFB00A18C24 /* Welcome User */,
				97BEF72B22CB1AFB00A18C24 /* Products */,
			);
			sourceTree = "<group>";
		};
		97BEF72B22CB1AFB00A18C24 /* Products */ = {
			isa = PBXGroup;
			children = (
				97BEF72A22CB1AFB00A18C24 /* Welcome User.app */,
			);
			name = Products;
			sourceTree = "<group>";
		};
		97BEF72C22CB1AFB00A18C24 /* Welcome User */ = {
			isa = PBXGroup;
			children = (
				97BEF72D22CB1AFB00A18C24 /* AppDelegate.swift */,
				97BEF72F22CB1AFB00A18C24 /* ViewController.swift */,
				97BEF74122CC182500A18C24 /* DuplicateViewController.swift */,
				97BEF73122CB1AFB00A18C24 /* Main.storyboard */,
				97BEF73422CB1AFC00A18C24 /* Assets.xcassets */,
				97BEF73622CB1AFC00A18C24 /* LaunchScreen.storyboard */,
				97BEF73922CB1AFC00A18C24 /* Info.plist */,
				97BEF73F22CB1BCE00A18C24 /* UserModel.swift */,
			);
			path = "Welcome User";
			sourceTree = "<group>";
		};
/* End PBXGroup section */

/* Begin PBXNativeTarget section */
		97BEF72922CB1AFB00A18C24 /* Welcome User */ = {
			isa = PBXNativeTarget;
			buildConfigurationList = 97BEF73C22CB1AFC00A18C24 /* Build configuration list for PBXNativeTarget "Welcome User" */;
			buildPhases = (
				97BEF72622CB1AFB00A18C24 /* Sources */,
				97BEF72722CB1AFB00A18C24 /* Frameworks */,
				97BEF72822CB1AFB00A18C24 /* Resources */,
			);
			buildRules = (
			);
			dependencies = (
			);
			name = "Welcome User";
			productName = "Welcome User";
			productReference = 97BEF72A22CB1AFB00A18C24 /* Welcome User.app */;
			productType = "com.apple.product-type.application";
		};
/* End PBXNativeTarget section */

/* Begin PBXProject section */
		97BEF72222CB1AFB00A18C24 /* Project object */ = {
			isa = PBXProject;
			attributes = {
				LastSwiftUpdateCheck = 1010;
				LastUpgradeCheck = 1010;
				ORGANIZATIONNAME = "Infusions of Grandeur";
				TargetAttributes = {
					97BEF72922CB1AFB00A18C24 = {
						CreatedOnToolsVersion = 10.1;
					};
				};
			};
			buildConfigurationList = 97BEF72522CB1AFB00A18C24 /* Build configuration list for PBXProject "Welcome User" */;
			compatibilityVersion = "Xcode 9.3";
			developmentRegion = en;
			hasScannedForEncodings = 0;
			knownRegions = (
				en,
				Base,
			);
			mainGroup = 97BEF72122CB1AFB00A18C24;
			productRefGroup = 97BEF72B22CB1AFB00A18C24 /* Products */;
			projectDirPath = "";
			projectReferences = (
				{
					ProductGroup = 97B088682361732A001A2A37 /* Products */;
					ProjectRef = 97B088672361732A001A2A37 /* Hello World.xcodeproj */;
				},
			);
			projectRoot = "";
			targets = (
				97BEF72922CB1AFB00A18C24 /* Welcome User */,
			);
		};
/* End PBXProject section */

/* Begin PBXReferenceProxy section */
		97B0886D2361732A001A2A37 /* Hello World.app */ = {
			isa = PBXReferenceProxy;
			fileType = wrapper.application;
			path = "Hello World.app";
			remoteRef = 97B0886C2361732A001A2A37 /* PBXContainerItemProxy */;
			sourceTree = BUILT_PRODUCTS_DIR;
		};
		97B0886F2361732A001A2A37 /* Hello WorldTests.xctest */ = {
			isa = PBXReferenceProxy;
			fileType = wrapper.cfbundle;
			path = "Hello WorldTests.xctest";
			remoteRef = 97B0886E2361732A001A2A37 /* PBXContainerItemProxy */;
			sourceTree = BUILT_PRODUCTS_DIR;
		};
/* End PBXReferenceProxy section */

/* Begin PBXResourcesBuildPhase section */
		97BEF72822CB1AFB00A18C24 /* Resources */ = {
			isa = PBXResourcesBuildPhase;
			buildActionMask = 2147483647;
			files = (
				97BEF73822CB1AFC00A18C24 /* LaunchScreen.storyboard in Resources */,
				97BEF73522CB1AFC00A18C24 /* Assets.xcassets in Resources */,
				97BEF73322CB1AFB00A18C24 /* Main.storyboard in Resources */,
			);
			runOnlyForDeploymentPostprocessing = 0;
		};
/* End PBXResourcesBuildPhase section */

/* Begin PBXSourcesBuildPhase section */
		97BEF72622CB1AFB00A18C24 /* Sources */ = {
			isa = PBXSourcesBuildPhase;
			buildActionMask = 2147483647;
			files = (
				97BEF73022CB1AFB00A18C24 /* ViewController.swift in Sources */,
				97BEF74022CB1BCE00A18C24 /* UserModel.swift in Sources */,
				97BEF74222CC182500A18C24 /* DuplicateViewController.swift in Sources */,
				97BEF72E22CB1AFB00A18C24 /* AppDelegate.swift in Sources */,
			);
			runOnlyForDeploymentPostprocessing = 0;
		};
/* End PBXSourcesBuildPhase section */

/* Begin PBXVariantGroup section */
		97BEF73122CB1AFB00A18C24 /* Main.storyboard */ = {
			isa = PBXVariantGroup;
			children = (
				97BEF73222CB1AFB00A18C24 /* Base */,
			);
			name = Main.storyboard;
			sourceTree = "<group>";
		};
		97BEF73622CB1AFC00A18C24 /* LaunchScreen.storyboard */ = {
			isa = PBXVariantGroup;
			children = (
				97BEF73722CB1AFC00A18C24 /* Base */,
			);
			name = LaunchScreen.storyboard;
			sourceTree = "<group>";
		};
/* End PBXVariantGroup section */

/* Begin XCBuildConfiguration section */
		97BEF73A22CB1AFC00A18C24 /* Debug */ = {
			isa = XCBuildConfiguration;
			buildSettings = {
				ALWAYS_SEARCH_USER_PATHS = NO;
				CLANG_ANALYZER_NONNULL = YES;
				CLANG_ANALYZER_NUMBER_OBJECT_CONVERSION = YES_AGGRESSIVE;
				CLANG_CXX_LANGUAGE_STANDARD = "gnu++14";
				CLANG_CXX_LIBRARY = "libc++";
				CLANG_ENABLE_MODULES = YES;
				CLANG_ENABLE_OBJC_ARC = YES;
				CLANG_ENABLE_OBJC_WEAK = YES;
				CLANG_WARN_BLOCK_CAPTURE_AUTORELEASING = YES;
				CLANG_WARN_BOOL_CONVERSION = YES;
				CLANG_WARN_COMMA = YES;
				CLANG_WARN_CONSTANT_CONVERSION = YES;
				CLANG_WARN_DEPRECATED_OBJC_IMPLEMENTATIONS = YES;
				CLANG_WARN_DIRECT_OBJC_ISA_USAGE = YES_ERROR;
				CLANG_WARN_DOCUMENTATION_COMMENTS = YES;
				CLANG_WARN_EMPTY_BODY = YES;
				CLANG_WARN_ENUM_CONVERSION = YES;
				CLANG_WARN_INFINITE_RECURSION = YES;
				CLANG_WARN_INT_CONVERSION = YES;
				CLANG_WARN_NON_LITERAL_NULL_CONVERSION = YES;
				CLANG_WARN_OBJC_IMPLICIT_RETAIN_SELF = YES;
				CLANG_WARN_OBJC_LITERAL_CONVERSION = YES;
				CLANG_WARN_OBJC_ROOT_CLASS = YES_ERROR;
				CLANG_WARN_RANGE_LOOP_ANALYSIS = YES;
				CLANG_WARN_STRICT_PROTOTYPES = YES;
				CLANG_WARN_SUSPICIOUS_MOVE = YES;
				CLANG_WARN_UNGUARDED_AVAILABILITY = YES_AGGRESSIVE;
				CLANG_WARN_UNREACHABLE_CODE = YES;
				CLANG_WARN__DUPLICATE_METHOD_MATCH = YES;
				CODE_SIGN_IDENTITY = "iPhone Developer";
				COPY_PHASE_STRIP = NO;
				DEBUG_INFORMATION_FORMAT = dwarf;
				ENABLE_STRICT_OBJC_MSGSEND = YES;
				ENABLE_TESTABILITY = YES;
				GCC_C_LANGUAGE_STANDARD = gnu11;
				GCC_DYNAMIC_NO_PIC = NO;
				GCC_NO_COMMON_BLOCKS = YES;
				GCC_OPTIMIZATION_LEVEL = 0;
				GCC_PREPROCESSOR_DEFINITIONS = (
					"DEBUG=1",
					"$(inherited)",
				);
				GCC_WARN_64_TO_32_BIT_CONVERSION = YES;
				GCC_WARN_ABOUT_RETURN_TYPE = YES_ERROR;
				GCC_WARN_UNDECLARED_SELECTOR = YES;
				GCC_WARN_UNINITIALIZED_AUTOS = YES_AGGRESSIVE;
				GCC_WARN_UNUSED_FUNCTION = YES;
				GCC_WARN_UNUSED_VARIABLE = YES;
				IPHONEOS_DEPLOYMENT_TARGET = 12.1;
				MTL_ENABLE_DEBUG_INFO = INCLUDE_SOURCE;
				MTL_FAST_MATH = YES;
				ONLY_ACTIVE_ARCH = YES;
				SDKROOT = iphoneos;
				SWIFT_ACTIVE_COMPILATION_CONDITIONS = DEBUG;
				SWIFT_OPTIMIZATION_LEVEL = "-Onone";
			};
			name = Debug;
		};
		97BEF73B22CB1AFC00A18C24 /* Release */ = {
			isa = XCBuildConfiguration;
			buildSettings = {
				ALWAYS_SEARCH_USER_PATHS = NO;
				CLANG_ANALYZER_NONNULL = YES;
				CLANG_ANALYZER_NUMBER_OBJECT_CONVERSION = YES_AGGRESSIVE;
				CLANG_CXX_LANGUAGE_STANDARD = "gnu++14";
				CLANG_CXX_LIBRARY = "libc++";
				CLANG_ENABLE_MODULES = YES;
				CLANG_ENABLE_OBJC_ARC = YES;
				CLANG_ENABLE_OBJC_WEAK = YES;
				CLANG_WARN_BLOCK_CAPTURE_AUTORELEASING = YES;
				CLANG_WARN_BOOL_CONVERSION = YES;
				CLANG_WARN_COMMA = YES;
				CLANG_WARN_CONSTANT_CONVERSION = YES;
				CLANG_WARN_DEPRECATED_OBJC_IMPLEMENTATIONS = YES;
				CLANG_WARN_DIRECT_OBJC_ISA_USAGE = YES_ERROR;
				CLANG_WARN_DOCUMENTATION_COMMENTS = YES;
				CLANG_WARN_EMPTY_BODY = YES;
				CLANG_WARN_ENUM_CONVERSION = YES;
				CLANG_WARN_INFINITE_RECURSION = YES;
				CLANG_WARN_INT_CONVERSION = YES;
				CLANG_WARN_NON_LITERAL_NULL_CONVERSION = YES;
				CLANG_WARN_OBJC_IMPLICIT_RETAIN_SELF = YES;
				CLANG_WARN_OBJC_LITERAL_CONVERSION = YES;
				CLANG_WARN_OBJC_ROOT_CLASS = YES_ERROR;
				CLANG_WARN_RANGE_LOOP_ANALYSIS = YES;
				CLANG_WARN_STRICT_PROTOTYPES = YES;
				CLANG_WARN_SUSPICIOUS_MOVE = YES;
				CLANG_WARN_UNGUARDED_AVAILABILITY = YES_AGGRESSIVE;
				CLANG_WARN_UNREACHABLE_CODE = YES;
				CLANG_WARN__DUPLICATE_METHOD_MATCH = YES;
				CODE_SIGN_IDENTITY = "iPhone Developer";
				COPY_PHASE_STRIP = NO;
				DEBUG_INFORMATION_FORMAT = "dwarf-with-dsym";
				ENABLE_NS_ASSERTIONS = NO;
				ENABLE_STRICT_OBJC_MSGSEND = YES;
				GCC_C_LANGUAGE_STANDARD = gnu11;
				GCC_NO_COMMON_BLOCKS = YES;
				GCC_WARN_64_TO_32_BIT_CONVERSION = YES;
				GCC_WARN_ABOUT_RETURN_TYPE = YES_ERROR;
				GCC_WARN_UNDECLARED_SELECTOR = YES;
				GCC_WARN_UNINITIALIZED_AUTOS = YES_AGGRESSIVE;
				GCC_WARN_UNUSED_FUNCTION = YES;
				GCC_WARN_UNUSED_VARIABLE = YES;
				IPHONEOS_DEPLOYMENT_TARGET = 12.1;
				MTL_ENABLE_DEBUG_INFO = NO;
				MTL_FAST_MATH = YES;
				SDKROOT = iphoneos;
				SWIFT_COMPILATION_MODE = wholemodule;
				SWIFT_OPTIMIZATION_LEVEL = "-O";
				VALIDATE_PRODUCT = YES;
			};
			name = Release;
		};
		97BEF73D22CB1AFC00A18C24 /* Debug */ = {
			isa = XCBuildConfiguration;
			buildSettings = {
				ASSETCATALOG_COMPILER_APPICON_NAME = AppIcon;
				CODE_SIGN_STYLE = Automatic;
				DEVELOPMENT_TEAM = 97J36M7BW8;
				INFOPLIST_FILE = "Welcome User/Info.plist";
				IPHONEOS_DEPLOYMENT_TARGET = 11.0;
				LD_RUNPATH_SEARCH_PATHS = (
					"$(inherited)",
					"@executable_path/Frameworks",
				);
				PRODUCT_BUNDLE_IDENTIFIER = "com.iog.Welcome-User";
				PRODUCT_NAME = "$(TARGET_NAME)";
				SWIFT_VERSION = 4.2;
				TARGETED_DEVICE_FAMILY = "1,2";
			};
			name = Debug;
		};
		97BEF73E22CB1AFC00A18C24 /* Release */ = {
			isa = XCBuildConfiguration;
			buildSettings = {
				ASSETCATALOG_COMPILER_APPICON_NAME = AppIcon;
				CODE_SIGN_STYLE = Automatic;
				DEVELOPMENT_TEAM = 97J36M7BW8;
				INFOPLIST_FILE = "Welcome User/Info.plist";
				IPHONEOS_DEPLOYMENT_TARGET = 11.0;
				LD_RUNPATH_SEARCH_PATHS = (
					"$(inherited)",
					"@executable_path/Frameworks",
				);
				PRODUCT_BUNDLE_IDENTIFIER = "com.iog.Welcome-User";
				PRODUCT_NAME = "$(TARGET_NAME)";
				SWIFT_VERSION = 4.2;
				TARGETED_DEVICE_FAMILY = "1,2";
			};
			name = Release;
		};
/* End XCBuildConfiguration section */

/* Begin XCConfigurationList section */
		97BEF72522CB1AFB00A18C24 /* Build configuration list for PBXProject "Welcome User" */ = {
			isa = XCConfigurationList;
			buildConfigurations = (
				97BEF73A22CB1AFC00A18C24 /* Debug */,
				97BEF73B22CB1AFC00A18C24 /* Release */,
			);
			defaultConfigurationIsVisible = 0;
			defaultConfigurationName = Release;
		};
		97BEF73C22CB1AFC00A18C24 /* Build configuration list for PBXNativeTarget "Welcome User" */ = {
			isa = XCConfigurationList;
			buildConfigurations = (
				97BEF73D22CB1AFC00A18C24 /* Debug */,
				97BEF73E22CB1AFC00A18C24 /* Release */,
			);
			defaultConfigurationIsVisible = 0;
			defaultConfigurationName = Release;
		};
/* End XCConfigurationList section */
	};
	rootObject = 97BEF72222CB1AFB00A18C24 /* Project object */;
}
